
Microsoft Visual Studio Solution File, Format Version 12.00
# Visual Studio Version 17
VisualStudioVersion = 17.11.35312.102
MinimumVisualStudioVersion = 10.0.40219.1
Project("{FAE04EC0-301F-11D3-BF4B-00C04F79EFBC}") = "Laboratorium_2", "Laboratorium_2\Laboratorium_2.csproj", "{CB84EB7A-8B94-48CE-B3A9-2BFBAE8AA4A2}"
EndProject
Global
	GlobalSection(SolutionConfigurationPlatforms) = preSolution
		Debug|Any CPU = Debug|Any CPU
		Release|Any CPU = Release|Any CPU
	EndGlobalSection
	GlobalSection(ProjectConfigurationPlatforms) = postSolution
		{CB84EB7A-8B94-48CE-B3A9-2BFBAE8AA4A2}.Debug|Any CPU.ActiveCfg = Debug|Any CPU
		{CB84EB7A-8B94-48CE-B3A9-2BFBAE8AA4A2}.Debug|Any CPU.Build.0 = Debug|Any CPU
		{CB84EB7A-8B94-48CE-B3A9-2BFBAE8AA4A2}.Release|Any CPU.ActiveCfg = Release|Any CPU
		{CB84EB7A-8B94-48CE-B3A9-2BFBAE8AA4A2}.Release|Any CPU.Build.0 = Release|Any CPU
	EndGlobalSection
	GlobalSection(SolutionProperties) = preSolution
		HideSolutionNode = FALSE
	EndGlobalSection
	GlobalSection(ExtensibilityGlobals) = postSolution
		SolutionGuid = {8900BC6A-84F6-4653-8E1D-D87F23496BD5}
	EndGlobalSection
EndGlobal
